
Microsoft Visual Studio Solution File, Format Version 12.00
# Visual Studio Version 16
VisualStudioVersion = 16.0.810.16
MinimumVisualStudioVersion = 10.0.40219.1
Project("{FAE04EC0-301F-11D3-BF4B-00C04F79EFBC}") = "EntityFrameworkNet.ConsoleApp", "EntityFrameworkNet.ConsoleApp\EntityFrameworkNet.ConsoleApp.csproj", "{69E33F31-DA1B-436A-BF86-99B3E3BFB20A}"
EndProject
Global
	GlobalSection(SolutionConfigurationPlatforms) = preSolution
		Debug|anycpu = Debug|anycpu
		Release|anycpu = Release|anycpu
	EndGlobalSection
	GlobalSection(ProjectConfigurationPlatforms) = postSolution
		{69E33F31-DA1B-436A-BF86-99B3E3BFB20A}.Debug|anycpu.ActiveCfg = Debug|anycpu
		{69E33F31-DA1B-436A-BF86-99B3E3BFB20A}.Debug|anycpu.Build.0 = Debug|anycpu
		{69E33F31-DA1B-436A-BF86-99B3E3BFB20A}.Release|anycpu.ActiveCfg = Release|anycpu
		{69E33F31-DA1B-436A-BF86-99B3E3BFB20A}.Release|anycpu.Build.0 = Release|anycpu
	EndGlobalSection
	GlobalSection(SolutionProperties) = preSolution
		HideSolutionNode = FALSE
	EndGlobalSection
	GlobalSection(ExtensibilityGlobals) = postSolution
		SolutionGuid = {63D9103C-179A-4CAA-ACCE-D3729203015D}
	EndGlobalSection
EndGlobal
