
Microsoft Visual Studio Solution File, Format Version 12.00
# Visual Studio Version 16
VisualStudioVersion = 16.0.810.16
MinimumVisualStudioVersion = 10.0.40219.1
Project("{FAE04EC0-301F-11D3-BF4B-00C04F79EFBC}") = "EntityFrameworkNet.ConsoleApp", "EntityFrameworkNet.ConsoleApp\EntityFrameworkNet.ConsoleApp.csproj", "{5F66FE2C-D2AD-470E-9475-F173C194EC8F}"
EndProject
Global
	GlobalSection(SolutionConfigurationPlatforms) = preSolution
		Debug|Any CPU = Debug|Any CPU
		Release|Any CPU = Release|Any CPU
	EndGlobalSection
	GlobalSection(ProjectConfigurationPlatforms) = postSolution
		{5F66FE2C-D2AD-470E-9475-F173C194EC8F}.Debug|Any CPU.ActiveCfg = Debug|Any CPU
		{5F66FE2C-D2AD-470E-9475-F173C194EC8F}.Debug|Any CPU.Build.0 = Debug|Any CPU
		{5F66FE2C-D2AD-470E-9475-F173C194EC8F}.Release|Any CPU.ActiveCfg = Release|Any CPU
		{5F66FE2C-D2AD-470E-9475-F173C194EC8F}.Release|Any CPU.Build.0 = Release|Any CPU
	EndGlobalSection
	GlobalSection(SolutionProperties) = preSolution
		HideSolutionNode = FALSE
	EndGlobalSection
	GlobalSection(ExtensibilityGlobals) = postSolution
		SolutionGuid = {2AD77CBA-F890-491D-89B4-EBFC75D8BAE4}
	EndGlobalSection
EndGlobal
