
Microsoft Visual Studio Solution File, Format Version 12.00
# Visual Studio Version 16
VisualStudioVersion = 16.0.810.16
MinimumVisualStudioVersion = 10.0.40219.1
Project("{FAE04EC0-301F-11D3-BF4B-00C04F79EFBC}") = "EntityFrameworkNet.ConsoleApp", "EntityFrameworkNet.ConsoleApp\EntityFrameworkNet.ConsoleApp.csproj", "{D582A28F-3243-4220-B44B-828711D28AF7}"
EndProject
Global
	GlobalSection(SolutionConfigurationPlatforms) = preSolution
		Debug|anycpu = Debug|anycpu
		Release|anycpu = Release|anycpu
	EndGlobalSection
	GlobalSection(ProjectConfigurationPlatforms) = postSolution
		{D582A28F-3243-4220-B44B-828711D28AF7}.Debug|anycpu.ActiveCfg = Debug|anycpu
		{D582A28F-3243-4220-B44B-828711D28AF7}.Debug|anycpu.Build.0 = Debug|anycpu
		{D582A28F-3243-4220-B44B-828711D28AF7}.Release|anycpu.ActiveCfg = Release|anycpu
		{D582A28F-3243-4220-B44B-828711D28AF7}.Release|anycpu.Build.0 = Release|anycpu
	EndGlobalSection
	GlobalSection(SolutionProperties) = preSolution
		HideSolutionNode = FALSE
	EndGlobalSection
	GlobalSection(ExtensibilityGlobals) = postSolution
		SolutionGuid = {77693454-1396-4367-8EC4-321EC39F45D8}
	EndGlobalSection
EndGlobal
